
Microsoft Visual Studio Solution File, Format Version 12.00
# Visual Studio Version 17
VisualStudioVersion = 17.11.35312.102
MinimumVisualStudioVersion = 10.0.40219.1
Project("{FAE04EC0-301F-11D3-BF4B-00C04F79EFBC}") = "FurnitureDEMO", "FurnitureDEMO\FurnitureDEMO.csproj", "{D8389191-E9DE-46FF-9527-F6708382697D}"
EndProject
Global
	GlobalSection(SolutionConfigurationPlatforms) = preSolution
		Debug|Any CPU = Debug|Any CPU
		Release|Any CPU = Release|Any CPU
	EndGlobalSection
	GlobalSection(ProjectConfigurationPlatforms) = postSolution
		{D8389191-E9DE-46FF-9527-F6708382697D}.Debug|Any CPU.ActiveCfg = Debug|Any CPU
		{D8389191-E9DE-46FF-9527-F6708382697D}.Debug|Any CPU.Build.0 = Debug|Any CPU
		{D8389191-E9DE-46FF-9527-F6708382697D}.Release|Any CPU.ActiveCfg = Release|Any CPU
		{D8389191-E9DE-46FF-9527-F6708382697D}.Release|Any CPU.Build.0 = Release|Any CPU
	EndGlobalSection
	GlobalSection(SolutionProperties) = preSolution
		HideSolutionNode = FALSE
	EndGlobalSection
	GlobalSection(ExtensibilityGlobals) = postSolution
		SolutionGuid = {3C97DE46-87E6-4B8C-9324-015A9E964585}
	EndGlobalSection
EndGlobal
